{"version":4,"terraform_version":"1.11.5","serial":13,"lineage":"98a0907a-4553-ab07-fe62-497fbc9029c3","outputs":{"app_url":{"value":"http://16.16.215.51","type":"string"},"ec2_public_ip":{"value":"16.16.215.51","type":"string"},"rds_endpoint":{"value":"db.czokygesgwle.eu-north-1.rds.amazonaws.com","type":"string"}},"resources":[{"mode":"data","type":"aws_ami","name":"ubuntu","provider":"provider[\"registry.opentofu.org/hashicorp/aws\"]","instances":[{"schema_version":0,"attributes":{"allow_unsafe_filter":null,"architecture":"x86_64","arn":"arn:aws:ec2:eu-north-1::image/ami-025d7bea93113b6cc","block_device_mappings":[{"device_name":"/dev/sda1","ebs":{"delete_on_termination":"true","encrypted":"false","iops":"0","snapshot_id":"snap-0aaf6c2d9053653b2","throughput":"0","volume_initialization_rate":"0","volume_size":"8","volume_type":"gp2"},"no_device":"","virtual_name":""},{"device_name":"/dev/sdb","ebs":{},"no_device":"","virtual_name":"ephemeral0"},{"device_name":"/dev/sdc","ebs":{},"no_device":"","virtual_name":"ephemeral1"}],"boot_mode":"uefi-preferred","creation_date":"2026-02-18T06:49:58.000Z","deprecation_time":"2028-02-18T06:49:58.000Z","description":"Canonical, Ubuntu, 22.04, amd64 jammy image","ena_support":true,"executable_users":null,"filter":[{"name":"name","values":["ubuntu/images/hvm-ssd/ubuntu-jammy-22.04-amd64-server-*"]},{"name":"virtualization-type","values":["hvm"]}],"hypervisor":"xen","id":"ami-025d7bea93113b6cc","image_id":"ami-025d7bea93113b6cc","image_location":"amazon/ubuntu/images/hvm-ssd/ubuntu-jammy-22.04-amd64-server-20260218","image_owner_alias":"amazon","image_type":"machine","imds_support":"","include_deprecated":false,"kernel_id":"","last_launched_time":"","most_recent":true,"name":"ubuntu/images/hvm-ssd/ubuntu-jammy-22.04-amd64-server-20260218","name_regex":null,"owner_id":"099720109477","owners":["099720109477"],"platform":"","platform_details":"Linux/UNIX","product_codes":[],"public":true,"ramdisk_id":"","region":"eu-north-1","root_device_name":"/dev/sda1","root_device_type":"ebs","root_snapshot_id":"snap-0aaf6c2d9053653b2","sriov_net_support":"simple","state":"available","state_reason":{"code":"UNSET","message":"UNSET"},"tags":{},"timeouts":null,"tpm_support":"","uefi_data":null,"usage_operation":"RunInstances","virtualization_type":"hvm"},"sensitive_attributes":[]}]},{"mode":"managed","type":"aws_db_instance","name":"db","provider":"provider[\"registry.opentofu.org/hashicorp/aws\"]","instances":[{"schema_version":2,"attributes":{"address":"db.czokygesgwle.eu-north-1.rds.amazonaws.com","allocated_storage":20,"allow_major_version_upgrade":null,"apply_immediately":false,"arn":"arn:aws:rds:eu-north-1:529646247165:db:db","auto_minor_version_upgrade":true,"availability_zone":"eu-north-1a","backup_retention_period":0,"backup_target":"region","backup_window":"05:59-06:29","blue_green_update":[],"ca_cert_identifier":"rds-ca-rsa2048-g1","character_set_name":"","copy_tags_to_snapshot":false,"custom_iam_instance_profile":"","customer_owned_ip_enabled":false,"database_insights_mode":"standard","db_name":"guestbook","db_subnet_group_name":"dbnet","dedicated_log_volume":false,"delete_automated_backups":true,"deletion_protection":false,"domain":"","domain_auth_secret_arn":"","domain_dns_ips":[],"domain_fqdn":"","domain_iam_role_name":"","domain_ou":"","enabled_cloudwatch_logs_exports":[],"endpoint":"db.czokygesgwle.eu-north-1.rds.amazonaws.com:3306","engine":"mariadb","engine_lifecycle_support":"","engine_version":"10.11","engine_version_actual":"10.11.15","final_snapshot_identifier":null,"hosted_zone_id":"Z3MPDEQW7KHUGY","iam_database_authentication_enabled":false,"id":"db-HAXFYL2OMZOKHLDJLCM24OEWLQ","identifier":"db","identifier_prefix":"","instance_class":"db.t4g.micro","iops":0,"kms_key_id":"","latest_restorable_time":"","license_model":"general-public-license","listener_endpoint":[],"maintenance_window":"mon:01:17-mon:01:47","manage_master_user_password":null,"master_user_secret":[],"master_user_secret_kms_key_id":null,"max_allocated_storage":0,"monitoring_interval":0,"monitoring_role_arn":"","multi_az":false,"nchar_character_set_name":"","network_type":"IPV4","option_group_name":"default:mariadb-10-11","parameter_group_name":"default.mariadb10.11","password":"12345678","password_wo":null,"password_wo_version":null,"performance_insights_enabled":false,"performance_insights_kms_key_id":"","performance_insights_retention_period":0,"port":3306,"publicly_accessible":false,"region":"eu-north-1","replica_mode":"","replicas":[],"replicate_source_db":"","resource_id":"db-HAXFYL2OMZOKHLDJLCM24OEWLQ","restore_to_point_in_time":[],"s3_import":[],"skip_final_snapshot":true,"snapshot_identifier":null,"status":"available","storage_encrypted":false,"storage_throughput":0,"storage_type":"gp2","tags":{"Name":"rds-mariadb-db"},"tags_all":{"Name":"rds-mariadb-db"},"timeouts":null,"timezone":"","upgrade_rollout_order":"second","upgrade_storage_config":null,"username":"admin","vpc_security_group_ids":["sg-041545cf77fb5741a"]},"sensitive_attributes":[[{"type":"get_attr","value":"password"}],[{"type":"get_attr","value":"password_wo"}]],"private":"eyJlMmJmYjczMC1lY2FhLTExZTYtOGY4OC0zNDM2M2JjN2M0YzAiOnsiY3JlYXRlIjozMDAwMDAwMDAwMDAwLCJkZWxldGUiOjM2MDAwMDAwMDAwMDAsInVwZGF0ZSI6NDgwMDAwMDAwMDAwMH0sInNjaGVtYV92ZXJzaW9uIjoiMiJ9","dependencies":["aws_db_subnet_group.dbnet","aws_security_group.rds_ec2_1","aws_subnet.private_a","aws_subnet.private_b","aws_vpc.twotiers"]}]},{"mode":"managed","type":"aws_db_subnet_group","name":"dbnet","provider":"provider[\"registry.opentofu.org/hashicorp/aws\"]","instances":[{"schema_version":0,"attributes":{"arn":"arn:aws:rds:eu-north-1:529646247165:subgrp:dbnet","description":"DB Subnet Group pour RDS MariaDB","id":"dbnet","name":"dbnet","name_prefix":"","region":"eu-north-1","subnet_ids":["subnet-0236eb133fd0c33d1","subnet-06e88250a3a8c140c"],"supported_network_types":["IPV4"],"tags":{"Name":"dbnet"},"tags_all":{"Name":"dbnet"},"vpc_id":"vpc-0f3baa09b64a1c3f9"},"sensitive_attributes":[],"private":"bnVsbA==","dependencies":["aws_subnet.private_a","aws_subnet.private_b","aws_vpc.twotiers"]}]},{"mode":"managed","type":"aws_instance","name":"web","provider":"provider[\"registry.opentofu.org/hashicorp/aws\"]","instances":[{"schema_version":2,"attributes":{"ami":"ami-025d7bea93113b6cc","arn":"arn:aws:ec2:eu-north-1:529646247165:instance/i-0d3c20b60144c0529","associate_public_ip_address":true,"availability_zone":"eu-north-1a","capacity_reservation_specification":[{"capacity_reservation_preference":"open","capacity_reservation_target":[]}],"cpu_options":[{"amd_sev_snp":"","core_count":1,"nested_virtualization":"","threads_per_core":2}],"credit_specification":[{"cpu_credits":"unlimited"}],"disable_api_stop":false,"disable_api_termination":false,"ebs_block_device":[],"ebs_optimized":false,"enable_primary_ipv6":null,"enclave_options":[{"enabled":false}],"ephemeral_block_device":[],"force_destroy":false,"get_password_data":false,"hibernation":false,"host_id":"","host_resource_group_arn":null,"iam_instance_profile":"","id":"i-0d3c20b60144c0529","instance_initiated_shutdown_behavior":"stop","instance_lifecycle":"","instance_market_options":[],"instance_state":"running","instance_type":"t3.micro","ipv6_address_count":0,"ipv6_addresses":[],"key_name":"stdkeys","launch_template":[],"maintenance_options":[{"auto_recovery":"default"}],"metadata_options":[{"http_endpoint":"enabled","http_protocol_ipv6":"disabled","http_put_response_hop_limit":1,"http_tokens":"optional","instance_metadata_tags":"disabled"}],"monitoring":false,"network_interface":[],"outpost_arn":"","password_data":"","placement_group":"","placement_group_id":"","placement_partition_number":0,"primary_network_interface":[{"delete_on_termination":true,"network_interface_id":"eni-0403ba1fc03f7ab16"}],"primary_network_interface_id":"eni-0403ba1fc03f7ab16","private_dns":"ip-10-0-1-251.eu-north-1.compute.internal","private_dns_name_options":[{"enable_resource_name_dns_a_record":false,"enable_resource_name_dns_aaaa_record":false,"hostname_type":"ip-name"}],"private_ip":"10.0.1.251","public_dns":"ec2-16-16-215-51.eu-north-1.compute.amazonaws.com","public_ip":"16.16.215.51","region":"eu-north-1","root_block_device":[{"delete_on_termination":true,"device_name":"/dev/sda1","encrypted":false,"iops":100,"kms_key_id":"","tags":{},"tags_all":{},"throughput":0,"volume_id":"vol-0c6e829242175d612","volume_size":8,"volume_type":"gp2"}],"secondary_network_interface":[],"secondary_private_ips":[],"security_groups":[],"source_dest_check":true,"spot_instance_request_id":"","subnet_id":"subnet-07f0ed7d1b6b80e2e","tags":{"Name":"ec2-web"},"tags_all":{"Name":"ec2-web"},"tenancy":"default","timeouts":null,"user_data":"#!/bin/bash\r\nwget -q https://gitea.newkube.ia86.cc/Nicolas_Horde/Formation_Cloud_demo1/raw/branch/main/install_flask_app.sh \\\r\n  -O /tmp/install.sh\r\nchmod +x /tmp/install.sh\r\nbash /tmp/install.sh\r\n","user_data_base64":null,"user_data_replace_on_change":true,"volume_tags":null,"vpc_security_group_ids":["sg-0938a0625d53df9f6","sg-0eee57e6fb5318b06"]},"sensitive_attributes":[],"private":"eyJlMmJmYjczMC1lY2FhLTExZTYtOGY4OC0zNDM2M2JjN2M0YzAiOnsiY3JlYXRlIjo2MDAwMDAwMDAwMDAsImRlbGV0ZSI6MTIwMDAwMDAwMDAwMCwicmVhZCI6OTAwMDAwMDAwMDAwLCJ1cGRhdGUiOjYwMDAwMDAwMDAwMH0sInNjaGVtYV92ZXJzaW9uIjoiMiJ9","dependencies":["aws_security_group.ec2_rds_1","aws_security_group.web_sg","aws_subnet.public","aws_vpc.twotiers","data.aws_ami.ubuntu"]}]},{"mode":"managed","type":"aws_internet_gateway","name":"igw","provider":"provider[\"registry.opentofu.org/hashicorp/aws\"]","instances":[{"schema_version":0,"attributes":{"arn":"arn:aws:ec2:eu-north-1:529646247165:internet-gateway/igw-0cd3f8e502c79aa0f","id":"igw-0cd3f8e502c79aa0f","owner_id":"529646247165","region":"eu-north-1","tags":{"Name":"twotiers_igw"},"tags_all":{"Name":"twotiers_igw"},"timeouts":null,"vpc_id":"vpc-0f3baa09b64a1c3f9"},"sensitive_attributes":[],"private":"eyJlMmJmYjczMC1lY2FhLTExZTYtOGY4OC0zNDM2M2JjN2M0YzAiOnsiY3JlYXRlIjoxMjAwMDAwMDAwMDAwLCJkZWxldGUiOjEyMDAwMDAwMDAwMDAsInVwZGF0ZSI6MTIwMDAwMDAwMDAwMH19","dependencies":["aws_vpc.twotiers"]}]},{"mode":"managed","type":"aws_route_table","name":"private","provider":"provider[\"registry.opentofu.org/hashicorp/aws\"]","instances":[{"schema_version":0,"attributes":{"arn":"arn:aws:ec2:eu-north-1:529646247165:route-table/rtb-0c683c0fe5d1de785","id":"rtb-0c683c0fe5d1de785","owner_id":"529646247165","propagating_vgws":[],"region":"eu-north-1","route":[],"tags":{"Name":"twotiers_rt_private"},"tags_all":{"Name":"twotiers_rt_private"},"timeouts":null,"vpc_id":"vpc-0f3baa09b64a1c3f9"},"sensitive_attributes":[],"private":"eyJlMmJmYjczMC1lY2FhLTExZTYtOGY4OC0zNDM2M2JjN2M0YzAiOnsiY3JlYXRlIjozMDAwMDAwMDAwMDAsImRlbGV0ZSI6MzAwMDAwMDAwMDAwLCJ1cGRhdGUiOjEyMDAwMDAwMDAwMH19","dependencies":["aws_vpc.twotiers"]}]},{"mode":"managed","type":"aws_route_table","name":"public","provider":"provider[\"registry.opentofu.org/hashicorp/aws\"]","instances":[{"schema_version":0,"attributes":{"arn":"arn:aws:ec2:eu-north-1:529646247165:route-table/rtb-099cb3ecb64c65289","id":"rtb-099cb3ecb64c65289","owner_id":"529646247165","propagating_vgws":[],"region":"eu-north-1","route":[{"carrier_gateway_id":"","cidr_block":"0.0.0.0/0","core_network_arn":"","destination_prefix_list_id":"","egress_only_gateway_id":"","gateway_id":"igw-0cd3f8e502c79aa0f","ipv6_cidr_block":"","local_gateway_id":"","nat_gateway_id":"","network_interface_id":"","transit_gateway_id":"","vpc_endpoint_id":"","vpc_peering_connection_id":""}],"tags":{"Name":"twotiers_rt_public"},"tags_all":{"Name":"twotiers_rt_public"},"timeouts":null,"vpc_id":"vpc-0f3baa09b64a1c3f9"},"sensitive_attributes":[],"private":"eyJlMmJmYjczMC1lY2FhLTExZTYtOGY4OC0zNDM2M2JjN2M0YzAiOnsiY3JlYXRlIjozMDAwMDAwMDAwMDAsImRlbGV0ZSI6MzAwMDAwMDAwMDAwLCJ1cGRhdGUiOjEyMDAwMDAwMDAwMH19","dependencies":["aws_internet_gateway.igw","aws_vpc.twotiers"]}]},{"mode":"managed","type":"aws_route_table_association","name":"private_a","provider":"provider[\"registry.opentofu.org/hashicorp/aws\"]","instances":[{"schema_version":0,"attributes":{"gateway_id":"","id":"rtbassoc-0a8ff88ad34a8b5e3","region":"eu-north-1","route_table_id":"rtb-0c683c0fe5d1de785","subnet_id":"subnet-06e88250a3a8c140c","timeouts":null},"sensitive_attributes":[],"private":"eyJlMmJmYjczMC1lY2FhLTExZTYtOGY4OC0zNDM2M2JjN2M0YzAiOnsiY3JlYXRlIjozMDAwMDAwMDAwMDAsImRlbGV0ZSI6MzAwMDAwMDAwMDAwLCJ1cGRhdGUiOjEyMDAwMDAwMDAwMH19","dependencies":["aws_route_table.private","aws_subnet.private_a","aws_vpc.twotiers"]}]},{"mode":"managed","type":"aws_route_table_association","name":"private_b","provider":"provider[\"registry.opentofu.org/hashicorp/aws\"]","instances":[{"schema_version":0,"attributes":{"gateway_id":"","id":"rtbassoc-056a68ee54870c46d","region":"eu-north-1","route_table_id":"rtb-0c683c0fe5d1de785","subnet_id":"subnet-0236eb133fd0c33d1","timeouts":null},"sensitive_attributes":[],"private":"eyJlMmJmYjczMC1lY2FhLTExZTYtOGY4OC0zNDM2M2JjN2M0YzAiOnsiY3JlYXRlIjozMDAwMDAwMDAwMDAsImRlbGV0ZSI6MzAwMDAwMDAwMDAwLCJ1cGRhdGUiOjEyMDAwMDAwMDAwMH19","dependencies":["aws_route_table.private","aws_subnet.private_b","aws_vpc.twotiers"]}]},{"mode":"managed","type":"aws_route_table_association","name":"public","provider":"provider[\"registry.opentofu.org/hashicorp/aws\"]","instances":[{"schema_version":0,"attributes":{"gateway_id":"","id":"rtbassoc-009af2b1552ad56df","region":"eu-north-1","route_table_id":"rtb-099cb3ecb64c65289","subnet_id":"subnet-07f0ed7d1b6b80e2e","timeouts":null},"sensitive_attributes":[],"private":"eyJlMmJmYjczMC1lY2FhLTExZTYtOGY4OC0zNDM2M2JjN2M0YzAiOnsiY3JlYXRlIjozMDAwMDAwMDAwMDAsImRlbGV0ZSI6MzAwMDAwMDAwMDAwLCJ1cGRhdGUiOjEyMDAwMDAwMDAwMH19","dependencies":["aws_internet_gateway.igw","aws_route_table.public","aws_subnet.public","aws_vpc.twotiers"]}]},{"mode":"managed","type":"aws_security_group","name":"ec2_rds_1","provider":"provider[\"registry.opentofu.org/hashicorp/aws\"]","instances":[{"schema_version":1,"attributes":{"arn":"arn:aws:ec2:eu-north-1:529646247165:security-group/sg-0938a0625d53df9f6","description":"Sortie MariaDB (3306) depuis EC2 vers RDS","egress":[{"cidr_blocks":["0.0.0.0/0"],"description":null,"from_port":0,"ipv6_cidr_blocks":[],"prefix_list_ids":[],"protocol":"-1","security_groups":[],"self":false,"to_port":0}],"id":"sg-0938a0625d53df9f6","ingress":[],"name":"ec2-rds-1","name_prefix":"","owner_id":"529646247165","region":"eu-north-1","revoke_rules_on_delete":false,"tags":{"Name":"ec2-rds-1"},"tags_all":{"Name":"ec2-rds-1"},"timeouts":null,"vpc_id":"vpc-0f3baa09b64a1c3f9"},"sensitive_attributes":[],"private":"eyJlMmJmYjczMC1lY2FhLTExZTYtOGY4OC0zNDM2M2JjN2M0YzAiOnsiY3JlYXRlIjo2MDAwMDAwMDAwMDAsImRlbGV0ZSI6OTAwMDAwMDAwMDAwfSwic2NoZW1hX3ZlcnNpb24iOiIxIn0=","dependencies":["aws_vpc.twotiers"]}]},{"mode":"managed","type":"aws_security_group","name":"rds_ec2_1","provider":"provider[\"registry.opentofu.org/hashicorp/aws\"]","instances":[{"schema_version":1,"attributes":{"arn":"arn:aws:ec2:eu-north-1:529646247165:security-group/sg-041545cf77fb5741a","description":"Entree MariaDB (3306) depuis ec2-rds-1","egress":[{"cidr_blocks":["0.0.0.0/0"],"description":"","from_port":0,"ipv6_cidr_blocks":[],"prefix_list_ids":[],"protocol":"-1","security_groups":[],"self":false,"to_port":0}],"id":"sg-041545cf77fb5741a","ingress":[{"cidr_blocks":[],"description":"MariaDB entrant depuis EC2","from_port":3306,"ipv6_cidr_blocks":[],"prefix_list_ids":[],"protocol":"tcp","security_groups":["sg-0938a0625d53df9f6"],"self":false,"to_port":3306}],"name":"rds-ec2-1","name_prefix":"","owner_id":"529646247165","region":"eu-north-1","revoke_rules_on_delete":false,"tags":{"Name":"rds-ec2-1"},"tags_all":{"Name":"rds-ec2-1"},"timeouts":null,"vpc_id":"vpc-0f3baa09b64a1c3f9"},"sensitive_attributes":[],"private":"eyJlMmJmYjczMC1lY2FhLTExZTYtOGY4OC0zNDM2M2JjN2M0YzAiOnsiY3JlYXRlIjo2MDAwMDAwMDAwMDAsImRlbGV0ZSI6OTAwMDAwMDAwMDAwfSwic2NoZW1hX3ZlcnNpb24iOiIxIn0=","dependencies":["aws_vpc.twotiers"]}]},{"mode":"managed","type":"aws_security_group","name":"web_sg","provider":"provider[\"registry.opentofu.org/hashicorp/aws\"]","instances":[{"schema_version":1,"attributes":{"arn":"arn:aws:ec2:eu-north-1:529646247165:security-group/sg-0eee57e6fb5318b06","description":"Acces HTTP et SSH public vers EC2 Web","egress":[{"cidr_blocks":["0.0.0.0/0"],"description":"","from_port":0,"ipv6_cidr_blocks":[],"prefix_list_ids":[],"protocol":"-1","security_groups":[],"self":false,"to_port":0}],"id":"sg-0eee57e6fb5318b06","ingress":[{"cidr_blocks":["0.0.0.0/0"],"description":"HTTP depuis Internet","from_port":80,"ipv6_cidr_blocks":[],"prefix_list_ids":[],"protocol":"tcp","security_groups":[],"self":false,"to_port":80},{"cidr_blocks":["0.0.0.0/0"],"description":"SSH depuis Internet","from_port":22,"ipv6_cidr_blocks":[],"prefix_list_ids":[],"protocol":"tcp","security_groups":[],"self":false,"to_port":22}],"name":"web_sg","name_prefix":"","owner_id":"529646247165","region":"eu-north-1","revoke_rules_on_delete":false,"tags":{"Name":"web_sg"},"tags_all":{"Name":"web_sg"},"timeouts":null,"vpc_id":"vpc-0f3baa09b64a1c3f9"},"sensitive_attributes":[],"private":"eyJlMmJmYjczMC1lY2FhLTExZTYtOGY4OC0zNDM2M2JjN2M0YzAiOnsiY3JlYXRlIjo2MDAwMDAwMDAwMDAsImRlbGV0ZSI6OTAwMDAwMDAwMDAwfSwic2NoZW1hX3ZlcnNpb24iOiIxIn0=","dependencies":["aws_vpc.twotiers"]}]},{"mode":"managed","type":"aws_security_group_rule","name":"ec2_to_rds_egress","provider":"provider[\"registry.opentofu.org/hashicorp/aws\"]","instances":[{"schema_version":2,"attributes":{"cidr_blocks":null,"description":"MariaDB sortant vers RDS","from_port":3306,"id":"sgrule-1340428921","ipv6_cidr_blocks":null,"prefix_list_ids":null,"protocol":"tcp","region":"eu-north-1","security_group_id":"sg-0938a0625d53df9f6","security_group_rule_id":"sgr-0d93629e7b45171e0","self":false,"source_security_group_id":"sg-041545cf77fb5741a","timeouts":null,"to_port":3306,"type":"egress"},"sensitive_attributes":[],"private":"eyJlMmJmYjczMC1lY2FhLTExZTYtOGY4OC0zNDM2M2JjN2M0YzAiOnsiY3JlYXRlIjozMDAwMDAwMDAwMDB9LCJzY2hlbWFfdmVyc2lvbiI6IjIifQ==","dependencies":["aws_security_group.ec2_rds_1","aws_security_group.rds_ec2_1","aws_vpc.twotiers"]}]},{"mode":"managed","type":"aws_security_group_rule","name":"rds_from_ec2_ingress","provider":"provider[\"registry.opentofu.org/hashicorp/aws\"]","instances":[{"schema_version":2,"attributes":{"cidr_blocks":null,"description":"MariaDB entrant depuis EC2","from_port":3306,"id":"sgrule-2868768926","ipv6_cidr_blocks":null,"prefix_list_ids":null,"protocol":"tcp","region":"eu-north-1","security_group_id":"sg-041545cf77fb5741a","security_group_rule_id":"sgr-0f43246e5af11f1c4","self":false,"source_security_group_id":"sg-0938a0625d53df9f6","timeouts":null,"to_port":3306,"type":"ingress"},"sensitive_attributes":[],"private":"eyJlMmJmYjczMC1lY2FhLTExZTYtOGY4OC0zNDM2M2JjN2M0YzAiOnsiY3JlYXRlIjozMDAwMDAwMDAwMDB9LCJzY2hlbWFfdmVyc2lvbiI6IjIifQ==","dependencies":["aws_security_group.ec2_rds_1","aws_security_group.rds_ec2_1","aws_vpc.twotiers"]}]},{"mode":"managed","type":"aws_subnet","name":"private_a","provider":"provider[\"registry.opentofu.org/hashicorp/aws\"]","instances":[{"schema_version":1,"attributes":{"arn":"arn:aws:ec2:eu-north-1:529646247165:subnet/subnet-06e88250a3a8c140c","assign_ipv6_address_on_creation":false,"availability_zone":"eu-north-1a","availability_zone_id":"eun1-az1","cidr_block":"10.0.3.0/24","customer_owned_ipv4_pool":"","enable_dns64":false,"enable_lni_at_device_index":0,"enable_resource_name_dns_a_record_on_launch":false,"enable_resource_name_dns_aaaa_record_on_launch":false,"id":"subnet-06e88250a3a8c140c","ipv4_ipam_pool_id":null,"ipv4_netmask_length":null,"ipv6_cidr_block":"","ipv6_cidr_block_association_id":"","ipv6_ipam_pool_id":null,"ipv6_native":false,"ipv6_netmask_length":null,"map_customer_owned_ip_on_launch":false,"map_public_ip_on_launch":false,"outpost_arn":"","owner_id":"529646247165","private_dns_hostname_type_on_launch":"ip-name","region":"eu-north-1","tags":{"Name":"twotiers_subnet_private1_eu_north_1a"},"tags_all":{"Name":"twotiers_subnet_private1_eu_north_1a"},"timeouts":null,"vpc_id":"vpc-0f3baa09b64a1c3f9"},"sensitive_attributes":[],"private":"eyJlMmJmYjczMC1lY2FhLTExZTYtOGY4OC0zNDM2M2JjN2M0YzAiOnsiY3JlYXRlIjo2MDAwMDAwMDAwMDAsImRlbGV0ZSI6MTIwMDAwMDAwMDAwMH0sInNjaGVtYV92ZXJzaW9uIjoiMSJ9","dependencies":["aws_vpc.twotiers"]}]},{"mode":"managed","type":"aws_subnet","name":"private_b","provider":"provider[\"registry.opentofu.org/hashicorp/aws\"]","instances":[{"schema_version":1,"attributes":{"arn":"arn:aws:ec2:eu-north-1:529646247165:subnet/subnet-0236eb133fd0c33d1","assign_ipv6_address_on_creation":false,"availability_zone":"eu-north-1b","availability_zone_id":"eun1-az2","cidr_block":"10.0.4.0/24","customer_owned_ipv4_pool":"","enable_dns64":false,"enable_lni_at_device_index":0,"enable_resource_name_dns_a_record_on_launch":false,"enable_resource_name_dns_aaaa_record_on_launch":false,"id":"subnet-0236eb133fd0c33d1","ipv4_ipam_pool_id":null,"ipv4_netmask_length":null,"ipv6_cidr_block":"","ipv6_cidr_block_association_id":"","ipv6_ipam_pool_id":null,"ipv6_native":false,"ipv6_netmask_length":null,"map_customer_owned_ip_on_launch":false,"map_public_ip_on_launch":false,"outpost_arn":"","owner_id":"529646247165","private_dns_hostname_type_on_launch":"ip-name","region":"eu-north-1","tags":{"Name":"twotiers_subnet_private2_eu_north_1b"},"tags_all":{"Name":"twotiers_subnet_private2_eu_north_1b"},"timeouts":null,"vpc_id":"vpc-0f3baa09b64a1c3f9"},"sensitive_attributes":[],"private":"eyJlMmJmYjczMC1lY2FhLTExZTYtOGY4OC0zNDM2M2JjN2M0YzAiOnsiY3JlYXRlIjo2MDAwMDAwMDAwMDAsImRlbGV0ZSI6MTIwMDAwMDAwMDAwMH0sInNjaGVtYV92ZXJzaW9uIjoiMSJ9","dependencies":["aws_vpc.twotiers"]}]},{"mode":"managed","type":"aws_subnet","name":"public","provider":"provider[\"registry.opentofu.org/hashicorp/aws\"]","instances":[{"schema_version":1,"attributes":{"arn":"arn:aws:ec2:eu-north-1:529646247165:subnet/subnet-07f0ed7d1b6b80e2e","assign_ipv6_address_on_creation":false,"availability_zone":"eu-north-1a","availability_zone_id":"eun1-az1","cidr_block":"10.0.1.0/24","customer_owned_ipv4_pool":"","enable_dns64":false,"enable_lni_at_device_index":0,"enable_resource_name_dns_a_record_on_launch":false,"enable_resource_name_dns_aaaa_record_on_launch":false,"id":"subnet-07f0ed7d1b6b80e2e","ipv4_ipam_pool_id":null,"ipv4_netmask_length":null,"ipv6_cidr_block":"","ipv6_cidr_block_association_id":"","ipv6_ipam_pool_id":null,"ipv6_native":false,"ipv6_netmask_length":null,"map_customer_owned_ip_on_launch":false,"map_public_ip_on_launch":true,"outpost_arn":"","owner_id":"529646247165","private_dns_hostname_type_on_launch":"ip-name","region":"eu-north-1","tags":{"Name":"twotiers_subnet_public1_eu_north_1a"},"tags_all":{"Name":"twotiers_subnet_public1_eu_north_1a"},"timeouts":null,"vpc_id":"vpc-0f3baa09b64a1c3f9"},"sensitive_attributes":[],"private":"eyJlMmJmYjczMC1lY2FhLTExZTYtOGY4OC0zNDM2M2JjN2M0YzAiOnsiY3JlYXRlIjo2MDAwMDAwMDAwMDAsImRlbGV0ZSI6MTIwMDAwMDAwMDAwMH0sInNjaGVtYV92ZXJzaW9uIjoiMSJ9","dependencies":["aws_vpc.twotiers"]}]},{"mode":"managed","type":"aws_vpc","name":"twotiers","provider":"provider[\"registry.opentofu.org/hashicorp/aws\"]","instances":[{"schema_version":1,"attributes":{"arn":"arn:aws:ec2:eu-north-1:529646247165:vpc/vpc-0f3baa09b64a1c3f9","assign_generated_ipv6_cidr_block":false,"cidr_block":"10.0.0.0/16","default_network_acl_id":"acl-078793d7886a30484","default_route_table_id":"rtb-0128b0cf7824791be","default_security_group_id":"sg-013923ba64390df1d","dhcp_options_id":"dopt-0b8dfaaea69de098e","enable_dns_hostnames":true,"enable_dns_support":true,"enable_network_address_usage_metrics":false,"id":"vpc-0f3baa09b64a1c3f9","instance_tenancy":"default","ipv4_ipam_pool_id":null,"ipv4_netmask_length":null,"ipv6_association_id":"","ipv6_cidr_block":"","ipv6_cidr_block_network_border_group":"","ipv6_ipam_pool_id":"","ipv6_netmask_length":0,"main_route_table_id":"rtb-0128b0cf7824791be","owner_id":"529646247165","region":"eu-north-1","tags":{"Name":"twotiers_vpc"},"tags_all":{"Name":"twotiers_vpc"}},"sensitive_attributes":[],"private":"eyJzY2hlbWFfdmVyc2lvbiI6IjEifQ=="}]}],"check_results":null}
